
Microsoft Visual Studio Solution File, Format Version 12.00
# Visual Studio Version 16
VisualStudioVersion = 16.0.31205.134
MinimumVisualStudioVersion = 10.0.40219.1
Project("{FAE04EC0-301F-11D3-BF4B-00C04F79EFBC}") = "IntellectualElevator", "IntellectualElevator\IntellectualElevator.csproj", "{1E6ACF58-745D-48F1-9957-E3B99561195A}"
EndProject
Global
	GlobalSection(SolutionConfigurationPlatforms) = preSolution
		Debug|Any CPU = Debug|Any CPU
		Release|Any CPU = Release|Any CPU
	EndGlobalSection
	GlobalSection(ProjectConfigurationPlatforms) = postSolution
		{1E6ACF58-745D-48F1-9957-E3B99561195A}.Debug|Any CPU.ActiveCfg = Debug|Any CPU
		{1E6ACF58-745D-48F1-9957-E3B99561195A}.Debug|Any CPU.Build.0 = Debug|Any CPU
		{1E6ACF58-745D-48F1-9957-E3B99561195A}.Release|Any CPU.ActiveCfg = Release|Any CPU
		{1E6ACF58-745D-48F1-9957-E3B99561195A}.Release|Any CPU.Build.0 = Release|Any CPU
	EndGlobalSection
	GlobalSection(SolutionProperties) = preSolution
		HideSolutionNode = FALSE
	EndGlobalSection
	GlobalSection(ExtensibilityGlobals) = postSolution
		SolutionGuid = {DCC19D39-813E-4D46-B73A-4C5114091B17}
	EndGlobalSection
EndGlobal
